
Microsoft Visual Studio Solution File, Format Version 12.00
# Visual Studio 14
VisualStudioVersion = 14.0.25123.0
MinimumVisualStudioVersion = 10.0.40219.1
Project("{2150E333-8FDC-42A3-9474-1A3956D46DE8}") = "src", "src", "{21FAF850-8E64-4525-88DA-E57CCBA82E6D}"
EndProject
Project("{2150E333-8FDC-42A3-9474-1A3956D46DE8}") = "Solution Items", "Solution Items", "{55568DCF-7099-416C-9E34-F7BA30E4B5B2}"
	ProjectSection(SolutionItems) = preProject
		global.json = global.json
	EndProjectSection
EndProject
Project("{8BB2217D-0F2D-49D1-97BC-3654ED321F3B}") = "WebAppCore", "src\WebAppCore\WebAppCore.xproj", "{CADEC475-482E-4663-B67E-9FF8A15E0AC4}"
EndProject
Global
	GlobalSection(SolutionConfigurationPlatforms) = preSolution
		Debug|Any CPU = Debug|Any CPU
		Release|Any CPU = Release|Any CPU
	EndGlobalSection
	GlobalSection(ProjectConfigurationPlatforms) = postSolution
		{CADEC475-482E-4663-B67E-9FF8A15E0AC4}.Debug|Any CPU.ActiveCfg = Debug|Any CPU
		{CADEC475-482E-4663-B67E-9FF8A15E0AC4}.Debug|Any CPU.Build.0 = Debug|Any CPU
		{CADEC475-482E-4663-B67E-9FF8A15E0AC4}.Release|Any CPU.ActiveCfg = Release|Any CPU
		{CADEC475-482E-4663-B67E-9FF8A15E0AC4}.Release|Any CPU.Build.0 = Release|Any CPU
	EndGlobalSection
	GlobalSection(SolutionProperties) = preSolution
		HideSolutionNode = FALSE
	EndGlobalSection
	GlobalSection(NestedProjects) = preSolution
		{CADEC475-482E-4663-B67E-9FF8A15E0AC4} = {21FAF850-8E64-4525-88DA-E57CCBA82E6D}
	EndGlobalSection
EndGlobal
